
Microsoft Visual Studio Solution File, Format Version 12.00
# Visual Studio Version 16
VisualStudioVersion = 16.0.30413.136
MinimumVisualStudioVersion = 10.0.40219.1
Project("{FAE04EC0-301F-11D3-BF4B-00C04F79EFBC}") = "Harjoitustyö", "Harjoitustyö\Harjoitustyö.csproj", "{0120BBB7-0500-481B-AC40-869E0341927E}"
EndProject
Global
	GlobalSection(SolutionConfigurationPlatforms) = preSolution
		Debug|Any CPU = Debug|Any CPU
		Release|Any CPU = Release|Any CPU
	EndGlobalSection
	GlobalSection(ProjectConfigurationPlatforms) = postSolution
		{0120BBB7-0500-481B-AC40-869E0341927E}.Debug|Any CPU.ActiveCfg = Debug|Any CPU
		{0120BBB7-0500-481B-AC40-869E0341927E}.Debug|Any CPU.Build.0 = Debug|Any CPU
		{0120BBB7-0500-481B-AC40-869E0341927E}.Release|Any CPU.ActiveCfg = Release|Any CPU
		{0120BBB7-0500-481B-AC40-869E0341927E}.Release|Any CPU.Build.0 = Release|Any CPU
	EndGlobalSection
	GlobalSection(SolutionProperties) = preSolution
		HideSolutionNode = FALSE
	EndGlobalSection
	GlobalSection(ExtensibilityGlobals) = postSolution
		SolutionGuid = {FBE0E8B1-CAA4-41EE-888E-8B66FB8808C5}
	EndGlobalSection
EndGlobal
